
Microsoft Visual Studio Solution File, Format Version 12.00
# Visual Studio Version 17
VisualStudioVersion = 17.3.32825.248
MinimumVisualStudioVersion = 10.0.40219.1
Project("{FAE04EC0-301F-11D3-BF4B-00C04F79EFBC}") = "Breakthrough Text Break", "Breakthrough Text Break.csproj", "{C0FA2C73-8C6B-4D9A-BFE6-5D7B35747AD9}"
EndProject
Global
	GlobalSection(SolutionConfigurationPlatforms) = preSolution
		Debug|Any CPU = Debug|Any CPU
		Release|Any CPU = Release|Any CPU
	EndGlobalSection
	GlobalSection(ProjectConfigurationPlatforms) = postSolution
		{C0FA2C73-8C6B-4D9A-BFE6-5D7B35747AD9}.Debug|Any CPU.ActiveCfg = Debug|Any CPU
		{C0FA2C73-8C6B-4D9A-BFE6-5D7B35747AD9}.Debug|Any CPU.Build.0 = Debug|Any CPU
		{C0FA2C73-8C6B-4D9A-BFE6-5D7B35747AD9}.Release|Any CPU.ActiveCfg = Release|Any CPU
		{C0FA2C73-8C6B-4D9A-BFE6-5D7B35747AD9}.Release|Any CPU.Build.0 = Release|Any CPU
	EndGlobalSection
	GlobalSection(SolutionProperties) = preSolution
		HideSolutionNode = FALSE
	EndGlobalSection
	GlobalSection(ExtensibilityGlobals) = postSolution
		SolutionGuid = {A31C5942-23BE-4D08-B97C-FC1FB6B525CE}
	EndGlobalSection
EndGlobal
